
Microsoft Visual Studio Solution File, Format Version 12.00
# Visual Studio Version 16
VisualStudioVersion = 16.0.29509.3
MinimumVisualStudioVersion = 10.0.40219.1
Project("{9A19103F-16F7-4668-BE54-9A1E7A4F7556}") = "01. Smallest of Three Numbers", "01. Smallest of Three Numbers\01. Smallest of Three Numbers.csproj", "{BB1F346E-F953-4BE2-A1D4-5E6C806C5C74}"
EndProject
Project("{9A19103F-16F7-4668-BE54-9A1E7A4F7556}") = "02. Vowels Count", "02. Vowels Count\02. Vowels Count.csproj", "{9FB19796-CEF4-427F-80A6-34F797862C57}"
EndProject
Project("{9A19103F-16F7-4668-BE54-9A1E7A4F7556}") = "03. Characters in Range", "03. Characters in Range\03. Characters in Range.csproj", "{A42F5165-3E6C-41A1-B95A-68BAB8BE2C0A}"
EndProject
Project("{9A19103F-16F7-4668-BE54-9A1E7A4F7556}") = "04. Password Validator", "04. Password Validator\04. Password Validator.csproj", "{2481ECC1-73C0-433A-BADE-FBF2BF9724A7}"
EndProject
Project("{9A19103F-16F7-4668-BE54-9A1E7A4F7556}") = "05. Add and Subtract", "05. Add and Subtract\05. Add and Subtract.csproj", "{54D993AE-AC92-410E-9C5E-341707089DCB}"
EndProject
Project("{9A19103F-16F7-4668-BE54-9A1E7A4F7556}") = "06. Middle Characters", "06. Middle Characters\06. Middle Characters.csproj", "{95AE1D7B-B153-4E62-B212-4DF4F46B0E33}"
EndProject
Project("{9A19103F-16F7-4668-BE54-9A1E7A4F7556}") = "07. NxN Matrix", "07. NxN Matrix\07. NxN Matrix.csproj", "{F89ACEFD-E140-473B-B4BE-5BBE9DDBEE2E}"
EndProject
Project("{9A19103F-16F7-4668-BE54-9A1E7A4F7556}") = "08. Factorial Division", "08. Factorial Division\08. Factorial Division.csproj", "{0D340197-8D14-4D48-9E49-AAE0E7D75566}"
EndProject
Project("{9A19103F-16F7-4668-BE54-9A1E7A4F7556}") = "09. Palindrome Integers", "09. Palindrome Integers\09. Palindrome Integers.csproj", "{5B49DA04-56F2-486A-A22D-3A1F16F936AA}"
EndProject
Project("{9A19103F-16F7-4668-BE54-9A1E7A4F7556}") = "10. Top Number", "10. Top Number\10. Top Number.csproj", "{8098CA00-CAEB-4B8F-AABB-004B345A43E5}"
EndProject
Project("{9A19103F-16F7-4668-BE54-9A1E7A4F7556}") = "11. Array Manipulator", "11. Array Manipulator\11. Array Manipulator.csproj", "{F8BD99BD-6EA8-4600-B6E4-B73178F8B930}"
EndProject
Project("{FAE04EC0-301F-11D3-BF4B-00C04F79EFBC}") = "00_TEST", "00_TEST\00_TEST.csproj", "{50F3CFEF-959D-43E4-BCBB-628A49EA77C5}"
EndProject
Global
	GlobalSection(SolutionConfigurationPlatforms) = preSolution
		Debug|Any CPU = Debug|Any CPU
		Release|Any CPU = Release|Any CPU
	EndGlobalSection
	GlobalSection(ProjectConfigurationPlatforms) = postSolution
		{BB1F346E-F953-4BE2-A1D4-5E6C806C5C74}.Debug|Any CPU.ActiveCfg = Debug|Any CPU
		{BB1F346E-F953-4BE2-A1D4-5E6C806C5C74}.Debug|Any CPU.Build.0 = Debug|Any CPU
		{BB1F346E-F953-4BE2-A1D4-5E6C806C5C74}.Release|Any CPU.ActiveCfg = Release|Any CPU
		{BB1F346E-F953-4BE2-A1D4-5E6C806C5C74}.Release|Any CPU.Build.0 = Release|Any CPU
		{9FB19796-CEF4-427F-80A6-34F797862C57}.Debug|Any CPU.ActiveCfg = Debug|Any CPU
		{9FB19796-CEF4-427F-80A6-34F797862C57}.Debug|Any CPU.Build.0 = Debug|Any CPU
		{9FB19796-CEF4-427F-80A6-34F797862C57}.Release|Any CPU.ActiveCfg = Release|Any CPU
		{9FB19796-CEF4-427F-80A6-34F797862C57}.Release|Any CPU.Build.0 = Release|Any CPU
		{A42F5165-3E6C-41A1-B95A-68BAB8BE2C0A}.Debug|Any CPU.ActiveCfg = Debug|Any CPU
		{A42F5165-3E6C-41A1-B95A-68BAB8BE2C0A}.Debug|Any CPU.Build.0 = Debug|Any CPU
		{A42F5165-3E6C-41A1-B95A-68BAB8BE2C0A}.Release|Any CPU.ActiveCfg = Release|Any CPU
		{A42F5165-3E6C-41A1-B95A-68BAB8BE2C0A}.Release|Any CPU.Build.0 = Release|Any CPU
		{2481ECC1-73C0-433A-BADE-FBF2BF9724A7}.Debug|Any CPU.ActiveCfg = Debug|Any CPU
		{2481ECC1-73C0-433A-BADE-FBF2BF9724A7}.Debug|Any CPU.Build.0 = Debug|Any CPU
		{2481ECC1-73C0-433A-BADE-FBF2BF9724A7}.Release|Any CPU.ActiveCfg = Release|Any CPU
		{2481ECC1-73C0-433A-BADE-FBF2BF9724A7}.Release|Any CPU.Build.0 = Release|Any CPU
		{54D993AE-AC92-410E-9C5E-341707089DCB}.Debug|Any CPU.ActiveCfg = Debug|Any CPU
		{54D993AE-AC92-410E-9C5E-341707089DCB}.Debug|Any CPU.Build.0 = Debug|Any CPU
		{54D993AE-AC92-410E-9C5E-341707089DCB}.Release|Any CPU.ActiveCfg = Release|Any CPU
		{54D993AE-AC92-410E-9C5E-341707089DCB}.Release|Any CPU.Build.0 = Release|Any CPU
		{95AE1D7B-B153-4E62-B212-4DF4F46B0E33}.Debug|Any CPU.ActiveCfg = Debug|Any CPU
		{95AE1D7B-B153-4E62-B212-4DF4F46B0E33}.Debug|Any CPU.Build.0 = Debug|Any CPU
		{95AE1D7B-B153-4E62-B212-4DF4F46B0E33}.Release|Any CPU.ActiveCfg = Release|Any CPU
		{95AE1D7B-B153-4E62-B212-4DF4F46B0E33}.Release|Any CPU.Build.0 = Release|Any CPU
		{F89ACEFD-E140-473B-B4BE-5BBE9DDBEE2E}.Debug|Any CPU.ActiveCfg = Debug|Any CPU
		{F89ACEFD-E140-473B-B4BE-5BBE9DDBEE2E}.Debug|Any CPU.Build.0 = Debug|Any CPU
		{F89ACEFD-E140-473B-B4BE-5BBE9DDBEE2E}.Release|Any CPU.ActiveCfg = Release|Any CPU
		{F89ACEFD-E140-473B-B4BE-5BBE9DDBEE2E}.Release|Any CPU.Build.0 = Release|Any CPU
		{0D340197-8D14-4D48-9E49-AAE0E7D75566}.Debug|Any CPU.ActiveCfg = Debug|Any CPU
		{0D340197-8D14-4D48-9E49-AAE0E7D75566}.Debug|Any CPU.Build.0 = Debug|Any CPU
		{0D340197-8D14-4D48-9E49-AAE0E7D75566}.Release|Any CPU.ActiveCfg = Release|Any CPU
		{0D340197-8D14-4D48-9E49-AAE0E7D75566}.Release|Any CPU.Build.0 = Release|Any CPU
		{5B49DA04-56F2-486A-A22D-3A1F16F936AA}.Debug|Any CPU.ActiveCfg = Debug|Any CPU
		{5B49DA04-56F2-486A-A22D-3A1F16F936AA}.Debug|Any CPU.Build.0 = Debug|Any CPU
		{5B49DA04-56F2-486A-A22D-3A1F16F936AA}.Release|Any CPU.ActiveCfg = Release|Any CPU
		{5B49DA04-56F2-486A-A22D-3A1F16F936AA}.Release|Any CPU.Build.0 = Release|Any CPU
		{8098CA00-CAEB-4B8F-AABB-004B345A43E5}.Debug|Any CPU.ActiveCfg = Debug|Any CPU
		{8098CA00-CAEB-4B8F-AABB-004B345A43E5}.Debug|Any CPU.Build.0 = Debug|Any CPU
		{8098CA00-CAEB-4B8F-AABB-004B345A43E5}.Release|Any CPU.ActiveCfg = Release|Any CPU
		{8098CA00-CAEB-4B8F-AABB-004B345A43E5}.Release|Any CPU.Build.0 = Release|Any CPU
		{F8BD99BD-6EA8-4600-B6E4-B73178F8B930}.Debug|Any CPU.ActiveCfg = Debug|Any CPU
		{F8BD99BD-6EA8-4600-B6E4-B73178F8B930}.Debug|Any CPU.Build.0 = Debug|Any CPU
		{F8BD99BD-6EA8-4600-B6E4-B73178F8B930}.Release|Any CPU.ActiveCfg = Release|Any CPU
		{F8BD99BD-6EA8-4600-B6E4-B73178F8B930}.Release|Any CPU.Build.0 = Release|Any CPU
		{50F3CFEF-959D-43E4-BCBB-628A49EA77C5}.Debug|Any CPU.ActiveCfg = Debug|Any CPU
		{50F3CFEF-959D-43E4-BCBB-628A49EA77C5}.Debug|Any CPU.Build.0 = Debug|Any CPU
		{50F3CFEF-959D-43E4-BCBB-628A49EA77C5}.Release|Any CPU.ActiveCfg = Release|Any CPU
		{50F3CFEF-959D-43E4-BCBB-628A49EA77C5}.Release|Any CPU.Build.0 = Release|Any CPU
	EndGlobalSection
	GlobalSection(SolutionProperties) = preSolution
		HideSolutionNode = FALSE
	EndGlobalSection
	GlobalSection(ExtensibilityGlobals) = postSolution
		SolutionGuid = {CA3EE411-E803-4FD5-BA7E-92EEE4B9BD03}
	EndGlobalSection
EndGlobal
